
Microsoft Visual Studio Solution File, Format Version 12.00
# Visual Studio Version 17
VisualStudioVersion = 17.14.36623.8
MinimumVisualStudioVersion = 10.0.40219.1
Project("{FAE04EC0-301F-11D3-BF4B-00C04F79EFBC}") = "S3VideoManager", "S3VideoManager.csproj", "{464A7A44-B68E-42DA-883F-76A8ABCB5869}"
EndProject
Global
	GlobalSection(SolutionConfigurationPlatforms) = preSolution
		Debug|Any CPU = Debug|Any CPU
		Debug|x86 = Debug|x86
		Release|Any CPU = Release|Any CPU
		Release|x86 = Release|x86
	EndGlobalSection
	GlobalSection(ProjectConfigurationPlatforms) = postSolution
		{464A7A44-B68E-42DA-883F-76A8ABCB5869}.Debug|Any CPU.ActiveCfg = Debug|Any CPU
		{464A7A44-B68E-42DA-883F-76A8ABCB5869}.Debug|Any CPU.Build.0 = Debug|Any CPU
		{464A7A44-B68E-42DA-883F-76A8ABCB5869}.Debug|x86.ActiveCfg = Debug|x86
		{464A7A44-B68E-42DA-883F-76A8ABCB5869}.Debug|x86.Build.0 = Debug|x86
		{464A7A44-B68E-42DA-883F-76A8ABCB5869}.Release|Any CPU.ActiveCfg = Release|Any CPU
		{464A7A44-B68E-42DA-883F-76A8ABCB5869}.Release|Any CPU.Build.0 = Release|Any CPU
		{464A7A44-B68E-42DA-883F-76A8ABCB5869}.Release|x86.ActiveCfg = Release|x86
		{464A7A44-B68E-42DA-883F-76A8ABCB5869}.Release|x86.Build.0 = Release|x86
	EndGlobalSection
	GlobalSection(SolutionProperties) = preSolution
		HideSolutionNode = FALSE
	EndGlobalSection
	GlobalSection(ExtensibilityGlobals) = postSolution
		SolutionGuid = {024CA01E-3B17-421A-AEFE-0A3359E6943A}
	EndGlobalSection
EndGlobal
